
Microsoft Visual Studio Solution File, Format Version 12.00
# Visual Studio 15
VisualStudioVersion = 15.0.28307.136
MinimumVisualStudioVersion = 10.0.40219.1
Project("{9A19103F-16F7-4668-BE54-9A1E7A4F7556}") = "CloudManager", "CloudManager\CloudManager.csproj", "{5C379323-59F8-43BD-B3E4-DDDC5E2E4E22}"
EndProject
Global
	GlobalSection(SolutionConfigurationPlatforms) = preSolution
		Debug|Any CPU = Debug|Any CPU
		Release|Any CPU = Release|Any CPU
	EndGlobalSection
	GlobalSection(ProjectConfigurationPlatforms) = postSolution
		{5C379323-59F8-43BD-B3E4-DDDC5E2E4E22}.Debug|Any CPU.ActiveCfg = Debug|Any CPU
		{5C379323-59F8-43BD-B3E4-DDDC5E2E4E22}.Debug|Any CPU.Build.0 = Debug|Any CPU
		{5C379323-59F8-43BD-B3E4-DDDC5E2E4E22}.Release|Any CPU.ActiveCfg = Release|Any CPU
		{5C379323-59F8-43BD-B3E4-DDDC5E2E4E22}.Release|Any CPU.Build.0 = Release|Any CPU
	EndGlobalSection
	GlobalSection(SolutionProperties) = preSolution
		HideSolutionNode = FALSE
	EndGlobalSection
	GlobalSection(ExtensibilityGlobals) = postSolution
		SolutionGuid = {5A10CB5A-41F4-48FB-9722-AC4645463B2E}
	EndGlobalSection
	GlobalSection(NDepend) = preSolution
		Project = ".\CloudManager.ndproj"
	EndGlobalSection
EndGlobal
